
Microsoft Visual Studio Solution File, Format Version 12.00
# Visual Studio Version 16
VisualStudioVersion = 16.0.31205.134
MinimumVisualStudioVersion = 10.0.40219.1
Project("{9A19103F-16F7-4668-BE54-9A1E7A4F7556}") = "PeerislandsTest", "PeerislandsTest.csproj", "{8D01BDF1-98CC-4858-8806-8DE02F5F11D9}"
EndProject
Project("{FAE04EC0-301F-11D3-BF4B-00C04F79EFBC}") = "PeerislandUnitTest", "..\PeerislandUnitTest\PeerislandUnitTest.csproj", "{F64E6769-2BEC-44B0-B623-5463A03E20B3}"
EndProject
Global
	GlobalSection(SolutionConfigurationPlatforms) = preSolution
		Debug|Any CPU = Debug|Any CPU
		Release|Any CPU = Release|Any CPU
	EndGlobalSection
	GlobalSection(ProjectConfigurationPlatforms) = postSolution
		{8D01BDF1-98CC-4858-8806-8DE02F5F11D9}.Debug|Any CPU.ActiveCfg = Debug|Any CPU
		{8D01BDF1-98CC-4858-8806-8DE02F5F11D9}.Debug|Any CPU.Build.0 = Debug|Any CPU
		{8D01BDF1-98CC-4858-8806-8DE02F5F11D9}.Release|Any CPU.ActiveCfg = Release|Any CPU
		{8D01BDF1-98CC-4858-8806-8DE02F5F11D9}.Release|Any CPU.Build.0 = Release|Any CPU
		{F64E6769-2BEC-44B0-B623-5463A03E20B3}.Debug|Any CPU.ActiveCfg = Debug|Any CPU
		{F64E6769-2BEC-44B0-B623-5463A03E20B3}.Debug|Any CPU.Build.0 = Debug|Any CPU
		{F64E6769-2BEC-44B0-B623-5463A03E20B3}.Release|Any CPU.ActiveCfg = Release|Any CPU
		{F64E6769-2BEC-44B0-B623-5463A03E20B3}.Release|Any CPU.Build.0 = Release|Any CPU
	EndGlobalSection
	GlobalSection(SolutionProperties) = preSolution
		HideSolutionNode = FALSE
	EndGlobalSection
	GlobalSection(ExtensibilityGlobals) = postSolution
		SolutionGuid = {D75A26C9-6604-4661-B2B3-C020B819A9EB}
	EndGlobalSection
EndGlobal
